
Microsoft Visual Studio Solution File, Format Version 12.00
# Visual Studio 15
VisualStudioVersion = 15.0.26730.16
MinimumVisualStudioVersion = 10.0.40219.1
Project("{FAE04EC0-301F-11D3-BF4B-00C04F79EFBC}") = "AplicacionCalculadora", "AplicacionCalculadora\AplicacionCalculadora.csproj", "{61F42ACB-3F9E-4A52-ACD8-9B2BB0CB77C0}"
EndProject
Global
	GlobalSection(SolutionConfigurationPlatforms) = preSolution
		Debug|Any CPU = Debug|Any CPU
		Release|Any CPU = Release|Any CPU
	EndGlobalSection
	GlobalSection(ProjectConfigurationPlatforms) = postSolution
		{61F42ACB-3F9E-4A52-ACD8-9B2BB0CB77C0}.Debug|Any CPU.ActiveCfg = Debug|Any CPU
		{61F42ACB-3F9E-4A52-ACD8-9B2BB0CB77C0}.Debug|Any CPU.Build.0 = Debug|Any CPU
		{61F42ACB-3F9E-4A52-ACD8-9B2BB0CB77C0}.Release|Any CPU.ActiveCfg = Release|Any CPU
		{61F42ACB-3F9E-4A52-ACD8-9B2BB0CB77C0}.Release|Any CPU.Build.0 = Release|Any CPU
	EndGlobalSection
	GlobalSection(SolutionProperties) = preSolution
		HideSolutionNode = FALSE
	EndGlobalSection
	GlobalSection(ExtensibilityGlobals) = postSolution
		SolutionGuid = {01F0EA2D-9569-4AE5-BDD4-0F8B1E47B49A}
	EndGlobalSection
EndGlobal
